
Microsoft Visual Studio Solution File, Format Version 12.00
# Visual Studio Version 17
VisualStudioVersion = 17.8.34408.163
MinimumVisualStudioVersion = 10.0.40219.1
Project("{FAE04EC0-301F-11D3-BF4B-00C04F79EFBC}") = "helloworld", "helloworld\helloworld.csproj", "{0D70242C-201D-4946-84A7-ED5FADC9CB13}"
EndProject
Global
	GlobalSection(SolutionConfigurationPlatforms) = preSolution
		Debug|Any CPU = Debug|Any CPU
		Release|Any CPU = Release|Any CPU
	EndGlobalSection
	GlobalSection(ProjectConfigurationPlatforms) = postSolution
		{0D70242C-201D-4946-84A7-ED5FADC9CB13}.Debug|Any CPU.ActiveCfg = Debug|Any CPU
		{0D70242C-201D-4946-84A7-ED5FADC9CB13}.Debug|Any CPU.Build.0 = Debug|Any CPU
		{0D70242C-201D-4946-84A7-ED5FADC9CB13}.Release|Any CPU.ActiveCfg = Release|Any CPU
		{0D70242C-201D-4946-84A7-ED5FADC9CB13}.Release|Any CPU.Build.0 = Release|Any CPU
	EndGlobalSection
	GlobalSection(SolutionProperties) = preSolution
		HideSolutionNode = FALSE
	EndGlobalSection
	GlobalSection(ExtensibilityGlobals) = postSolution
		SolutionGuid = {AE644DDB-3867-40E0-AC90-A53E62605C44}
	EndGlobalSection
EndGlobal
